github.com/cantara/bragi v0.5.4 h1:Tr0gZ01SwJYX1IvOAVErNY7Zc+bAFzarCde8WRqRxBE=
github.com/cantara/bragi v0.5.4/go.mod h1:UG6GZBNRGKiMkl2EwlKMQ1tWj2l/9bcXSIzG1b/jVC8=
github.com/cantara/bragi v0.5.5 h1:w6e/NMfLJt2tIbeMJMuaAC+/KYhV6Bvv04cwzJHOp9s=
github.com/cantara/bragi v0.5.5/go.mod h1:xeoHRvGVST0Ei38UbHcyIGdnd18Trufm7rCK8wxbpBw=
github.com/cantara/bragi v0.7.3 h1:qcxC6LBg/qx6AXfgshrfTfPYnNHy20y9xjt3m96Ia2g=
github.com/cantara/bragi v0.7.3/go.mod h1:btpJS4I5xGUohgnno50o8XD1qysPjozSrUzDjWr2W6Q=
